
Microsoft Visual Studio Solution File, Format Version 12.00
# Visual Studio Version 16
VisualStudioVersion = 16.0.809.6
MinimumVisualStudioVersion = 10.0.40219.1
Project("{FAE04EC0-301F-11D3-BF4B-00C04F79EFBC}") = "InformationTechnologyCompany", "InformationTechnologyCompany\InformationTechnologyCompany.csproj", "{DA6FF121-4F27-40B7-BBE4-529F672382B7}"
EndProject
Project("{FAE04EC0-301F-11D3-BF4B-00C04F79EFBC}") = "ITManagementTool", "ITManagementTool\ITManagementTool.csproj", "{247F4659-E921-46DD-A7B0-3E39664DB766}"
EndProject
Global
	GlobalSection(SolutionConfigurationPlatforms) = preSolution
		Debug|Any CPU = Debug|Any CPU
		Release|Any CPU = Release|Any CPU
	EndGlobalSection
	GlobalSection(ProjectConfigurationPlatforms) = postSolution
		{DA6FF121-4F27-40B7-BBE4-529F672382B7}.Debug|Any CPU.ActiveCfg = Debug|Any CPU
		{DA6FF121-4F27-40B7-BBE4-529F672382B7}.Debug|Any CPU.Build.0 = Debug|Any CPU
		{DA6FF121-4F27-40B7-BBE4-529F672382B7}.Release|Any CPU.ActiveCfg = Release|Any CPU
		{DA6FF121-4F27-40B7-BBE4-529F672382B7}.Release|Any CPU.Build.0 = Release|Any CPU
		{247F4659-E921-46DD-A7B0-3E39664DB766}.Debug|Any CPU.ActiveCfg = Debug|Any CPU
		{247F4659-E921-46DD-A7B0-3E39664DB766}.Debug|Any CPU.Build.0 = Debug|Any CPU
		{247F4659-E921-46DD-A7B0-3E39664DB766}.Release|Any CPU.ActiveCfg = Release|Any CPU
		{247F4659-E921-46DD-A7B0-3E39664DB766}.Release|Any CPU.Build.0 = Release|Any CPU
	EndGlobalSection
	GlobalSection(SolutionProperties) = preSolution
		HideSolutionNode = FALSE
	EndGlobalSection
	GlobalSection(ExtensibilityGlobals) = postSolution
		SolutionGuid = {E3138B63-562D-4094-83D5-614FAB2E187E}
	EndGlobalSection
EndGlobal
